{
  "nodes": {
    "nixpkgs": {
      "locked": {
        "lastModified": 1649012074,
        "narHash": "sha256-vQUROcJ3FfT3GTB/nJrXwVvjuq8WfK0ImN+RUgDVN1c=",
        "owner": "nixos",
        "repo": "nixpkgs",
        "rev": "bc4b9eef3ce3d5a90d8693e8367c9cbfc9fc1e13",
        "type": "github"
      },
      "original": {
        "owner": "nixos",
        "ref": "nixos-unstable",
        "repo": "nixpkgs",
        "type": "github"
      }
    },
    "root": {
      "inputs": {
        "nixpkgs": "nixpkgs"
      }
    }
  },
  "root": "root",
  "version": 7
}
